
Microsoft Visual Studio Solution File, Format Version 12.00
# Visual Studio Version 17
VisualStudioVersion = 17.4.33213.308
MinimumVisualStudioVersion = 10.0.40219.1
Project("{FAE04EC0-301F-11D3-BF4B-00C04F79EFBC}") = "ex06", "ex06.csproj", "{B79C1C7D-9489-44C5-8E3B-F406D928AED9}"
EndProject
Global
	GlobalSection(SolutionConfigurationPlatforms) = preSolution
		Debug|Any CPU = Debug|Any CPU
		Release|Any CPU = Release|Any CPU
	EndGlobalSection
	GlobalSection(ProjectConfigurationPlatforms) = postSolution
		{B79C1C7D-9489-44C5-8E3B-F406D928AED9}.Debug|Any CPU.ActiveCfg = Debug|Any CPU
		{B79C1C7D-9489-44C5-8E3B-F406D928AED9}.Debug|Any CPU.Build.0 = Debug|Any CPU
		{B79C1C7D-9489-44C5-8E3B-F406D928AED9}.Release|Any CPU.ActiveCfg = Release|Any CPU
		{B79C1C7D-9489-44C5-8E3B-F406D928AED9}.Release|Any CPU.Build.0 = Release|Any CPU
	EndGlobalSection
	GlobalSection(SolutionProperties) = preSolution
		HideSolutionNode = FALSE
	EndGlobalSection
	GlobalSection(ExtensibilityGlobals) = postSolution
		SolutionGuid = {79D45B94-88AD-4975-8F00-8FF4FAB4C58F}
	EndGlobalSection
EndGlobal
