
Microsoft Visual Studio Solution File, Format Version 12.00
# Visual Studio Version 17
VisualStudioVersion = 17.4.33213.308
MinimumVisualStudioVersion = 10.0.40219.1
Project("{FAE04EC0-301F-11D3-BF4B-00C04F79EFBC}") = "ex01", "ex01.csproj", "{0943981F-D041-4CAC-BA07-5C4EA05E99B3}"
EndProject
Project("{FAE04EC0-301F-11D3-BF4B-00C04F79EFBC}") = "ex02", "..\ex02\ex02.csproj", "{596CAFB1-D6E7-46DA-B7C1-64E89668A6B7}"
EndProject
Project("{FAE04EC0-301F-11D3-BF4B-00C04F79EFBC}") = "ex03", "..\ex3\ex03.csproj", "{DCB59875-C184-4D43-9007-BE260BFD3172}"
EndProject
Project("{FAE04EC0-301F-11D3-BF4B-00C04F79EFBC}") = "ex04", "..\ex04\ex04.csproj", "{D8004702-F714-4EC8-93E8-B6C2AA734903}"
EndProject
Project("{FAE04EC0-301F-11D3-BF4B-00C04F79EFBC}") = "ex05", "..\ex05\ex05.csproj", "{97ACBD30-00A3-4E74-9A6D-1D8C5E2D14C6}"
EndProject
Global
	GlobalSection(SolutionConfigurationPlatforms) = preSolution
		Debug|Any CPU = Debug|Any CPU
		Release|Any CPU = Release|Any CPU
	EndGlobalSection
	GlobalSection(ProjectConfigurationPlatforms) = postSolution
		{0943981F-D041-4CAC-BA07-5C4EA05E99B3}.Debug|Any CPU.ActiveCfg = Debug|Any CPU
		{0943981F-D041-4CAC-BA07-5C4EA05E99B3}.Debug|Any CPU.Build.0 = Debug|Any CPU
		{0943981F-D041-4CAC-BA07-5C4EA05E99B3}.Release|Any CPU.ActiveCfg = Release|Any CPU
		{0943981F-D041-4CAC-BA07-5C4EA05E99B3}.Release|Any CPU.Build.0 = Release|Any CPU
		{596CAFB1-D6E7-46DA-B7C1-64E89668A6B7}.Debug|Any CPU.ActiveCfg = Debug|Any CPU
		{596CAFB1-D6E7-46DA-B7C1-64E89668A6B7}.Debug|Any CPU.Build.0 = Debug|Any CPU
		{596CAFB1-D6E7-46DA-B7C1-64E89668A6B7}.Release|Any CPU.ActiveCfg = Release|Any CPU
		{596CAFB1-D6E7-46DA-B7C1-64E89668A6B7}.Release|Any CPU.Build.0 = Release|Any CPU
		{DCB59875-C184-4D43-9007-BE260BFD3172}.Debug|Any CPU.ActiveCfg = Debug|Any CPU
		{DCB59875-C184-4D43-9007-BE260BFD3172}.Debug|Any CPU.Build.0 = Debug|Any CPU
		{DCB59875-C184-4D43-9007-BE260BFD3172}.Release|Any CPU.ActiveCfg = Release|Any CPU
		{DCB59875-C184-4D43-9007-BE260BFD3172}.Release|Any CPU.Build.0 = Release|Any CPU
		{D8004702-F714-4EC8-93E8-B6C2AA734903}.Debug|Any CPU.ActiveCfg = Debug|Any CPU
		{D8004702-F714-4EC8-93E8-B6C2AA734903}.Debug|Any CPU.Build.0 = Debug|Any CPU
		{D8004702-F714-4EC8-93E8-B6C2AA734903}.Release|Any CPU.ActiveCfg = Release|Any CPU
		{D8004702-F714-4EC8-93E8-B6C2AA734903}.Release|Any CPU.Build.0 = Release|Any CPU
		{97ACBD30-00A3-4E74-9A6D-1D8C5E2D14C6}.Debug|Any CPU.ActiveCfg = Debug|Any CPU
		{97ACBD30-00A3-4E74-9A6D-1D8C5E2D14C6}.Debug|Any CPU.Build.0 = Debug|Any CPU
		{97ACBD30-00A3-4E74-9A6D-1D8C5E2D14C6}.Release|Any CPU.ActiveCfg = Release|Any CPU
		{97ACBD30-00A3-4E74-9A6D-1D8C5E2D14C6}.Release|Any CPU.Build.0 = Release|Any CPU
	EndGlobalSection
	GlobalSection(SolutionProperties) = preSolution
		HideSolutionNode = FALSE
	EndGlobalSection
	GlobalSection(ExtensibilityGlobals) = postSolution
		SolutionGuid = {075C0F81-A056-4BB2-9F8D-FC20ABF24FF5}
	EndGlobalSection
EndGlobal
