
Microsoft Visual Studio Solution File, Format Version 12.00
# Visual Studio Version 17
VisualStudioVersion = 17.4.33213.308
MinimumVisualStudioVersion = 10.0.40219.1
Project("{FAE04EC0-301F-11D3-BF4B-00C04F79EFBC}") = "M01A01", "M01A01.csproj", "{01BD8143-6C3A-4CF3-883D-3D48CAA46FB1}"
EndProject
Project("{FAE04EC0-301F-11D3-BF4B-00C04F79EFBC}") = "M01A02", "..\M01A02\M01A02.csproj", "{3D14892D-57C6-49F3-BCBC-54A0BBBCFA3A}"
EndProject
Project("{FAE04EC0-301F-11D3-BF4B-00C04F79EFBC}") = "M01A03", "..\M01A03\M01A03.csproj", "{026430E9-1422-4CE5-B5E9-CD7771D34D67}"
EndProject
Project("{FAE04EC0-301F-11D3-BF4B-00C04F79EFBC}") = "M01A04", "..\M01A04\M01A04.csproj", "{D945B07F-586A-42FF-9328-4068F8F9D28C}"
EndProject
Project("{FAE04EC0-301F-11D3-BF4B-00C04F79EFBC}") = "M01A05", "..\M01A05\M01A05.csproj", "{9853B3D1-DF34-49A8-8E70-EF8B187021D0}"
EndProject
Project("{2150E333-8FDC-42A3-9474-1A3956D46DE8}") = "modulo01", "modulo01", "{EB09905C-133B-49BD-AE02-D4E38AEEBA5E}"
EndProject
Project("{FAE04EC0-301F-11D3-BF4B-00C04F79EFBC}") = "M01A06", "..\M01A06\M01A06.csproj", "{7D33ED4D-DAC7-43CC-8046-D2DD06D672FB}"
EndProject
Project("{FAE04EC0-301F-11D3-BF4B-00C04F79EFBC}") = "M01A07", "..\M01A07\M01A07.csproj", "{0CD4E46F-EB80-48A1-9C11-345ABC4F3D4A}"
EndProject
Project("{FAE04EC0-301F-11D3-BF4B-00C04F79EFBC}") = "M01A08A", "..\M01A08\M01A08A.csproj", "{50DB92EB-F23E-4790-8189-3F2832583FD1}"
EndProject
Project("{FAE04EC0-301F-11D3-BF4B-00C04F79EFBC}") = "M01A08B", "..\M01A08B\M01A08B.csproj", "{58A4F386-EEE9-4432-BAE0-91C5348DD18C}"
EndProject
Project("{FAE04EC0-301F-11D3-BF4B-00C04F79EFBC}") = "M01A09", "..\ConsoleApp2\M01A09.csproj", "{FD7EC8EF-ECAD-4DFB-B070-893889DC8F02}"
EndProject
Project("{FAE04EC0-301F-11D3-BF4B-00C04F79EFBC}") = "M01A10", "..\M01A010\M01A10.csproj", "{DE818C53-F3A0-45EE-89E4-AD6547B99711}"
EndProject
Project("{FAE04EC0-301F-11D3-BF4B-00C04F79EFBC}") = "M01A11A", "..\M01A11\M01A11A.csproj", "{5E448E79-63DD-49D3-8617-A77EFDCAD46F}"
EndProject
Project("{FAE04EC0-301F-11D3-BF4B-00C04F79EFBC}") = "M01A11C", "..\M01B01\M01A11C.csproj", "{3DB5F2FB-FCD6-4C30-8091-4F1D3BB43081}"
EndProject
Project("{FAE04EC0-301F-11D3-BF4B-00C04F79EFBC}") = "M01A11D", "..\M01B01C\M01A11D.csproj", "{7F765925-542A-4AD8-A09B-80EABBF46D5E}"
EndProject
Project("{FAE04EC0-301F-11D3-BF4B-00C04F79EFBC}") = "M01A11B", "..\M01A11B\M01A11B.csproj", "{DCF48B55-DA47-4ED9-A982-F28BF099D8C2}"
EndProject
Project("{FAE04EC0-301F-11D3-BF4B-00C04F79EFBC}") = "M01A11E", "..\M01A11E\M01A11E.csproj", "{973E8C67-C6D7-4B5A-AEE4-FDA5EA05F196}"
EndProject
Project("{FAE04EC0-301F-11D3-BF4B-00C04F79EFBC}") = "M01A12", "..\M01A12\M01A12.csproj", "{E4A0001C-82E1-4F54-A5A1-9812D879F541}"
EndProject
Project("{FAE04EC0-301F-11D3-BF4B-00C04F79EFBC}") = "M01A12A", "..\M01A12A\M01A12A.csproj", "{0F7734AE-1D3E-4C96-A7A1-2F5FB24C815C}"
EndProject
Project("{FAE04EC0-301F-11D3-BF4B-00C04F79EFBC}") = "M01A13", "..\M1A13\M01A13.csproj", "{6E1068AE-9941-4954-9E7D-768F79045068}"
EndProject
Project("{FAE04EC0-301F-11D3-BF4B-00C04F79EFBC}") = "M01A14", "..\M01A14\M01A14.csproj", "{1124FB10-9EF1-427D-8947-75FA8D45B9F5}"
EndProject
Project("{FAE04EC0-301F-11D3-BF4B-00C04F79EFBC}") = "M01A15", "..\M01A15\M01A15.csproj", "{0FFC8AA4-9FB1-4291-8417-1EE40441287C}"
EndProject
Project("{FAE04EC0-301F-11D3-BF4B-00C04F79EFBC}") = "M01A15B", "..\M01A15B\M01A15B.csproj", "{040827F6-4947-4633-BCDC-5BE770DE6758}"
EndProject
Project("{FAE04EC0-301F-11D3-BF4B-00C04F79EFBC}") = "M01A16", "..\M01A16\M01A16.csproj", "{8D997089-DE4E-4C3E-87D7-F0DE1230B141}"
EndProject
Project("{FAE04EC0-301F-11D3-BF4B-00C04F79EFBC}") = "M01A16B", "..\M01A16B\M01A16B.csproj", "{A3F8A844-79E6-4172-B52C-EDE222B58274}"
EndProject
Project("{FAE04EC0-301F-11D3-BF4B-00C04F79EFBC}") = "M01A16C", "..\M01A16C\M01A16C.csproj", "{0F4CD742-8131-40D5-ADCA-583392D13F9D}"
EndProject
Project("{FAE04EC0-301F-11D3-BF4B-00C04F79EFBC}") = "M01A17", "..\M01A17\M01A17.csproj", "{7A484DD8-43F9-4057-8CFE-46EE091E7A1C}"
EndProject
Project("{FAE04EC0-301F-11D3-BF4B-00C04F79EFBC}") = "M01A17B", "..\M01A17B\M01A17B.csproj", "{76015B46-26E0-4344-874A-539D003974AB}"
EndProject
Project("{FAE04EC0-301F-11D3-BF4B-00C04F79EFBC}") = "M01A17C", "..\M01A17C\M01A17C.csproj", "{21F807A8-7702-4398-B636-0907376EC854}"
EndProject
Project("{FAE04EC0-301F-11D3-BF4B-00C04F79EFBC}") = "M01A17D", "..\M01A17D\M01A17D.csproj", "{787B4145-961E-4D8F-8631-70B8B6102C86}"
EndProject
Project("{FAE04EC0-301F-11D3-BF4B-00C04F79EFBC}") = "M01A17E", "..\M01A17E\M01A17E.csproj", "{ECA2A283-0C60-4EE9-92F2-852DB342C4F7}"
EndProject
Global
	GlobalSection(SolutionConfigurationPlatforms) = preSolution
		Debug|Any CPU = Debug|Any CPU
		Release|Any CPU = Release|Any CPU
	EndGlobalSection
	GlobalSection(ProjectConfigurationPlatforms) = postSolution
		{01BD8143-6C3A-4CF3-883D-3D48CAA46FB1}.Debug|Any CPU.ActiveCfg = Debug|Any CPU
		{01BD8143-6C3A-4CF3-883D-3D48CAA46FB1}.Debug|Any CPU.Build.0 = Debug|Any CPU
		{01BD8143-6C3A-4CF3-883D-3D48CAA46FB1}.Release|Any CPU.ActiveCfg = Release|Any CPU
		{01BD8143-6C3A-4CF3-883D-3D48CAA46FB1}.Release|Any CPU.Build.0 = Release|Any CPU
		{3D14892D-57C6-49F3-BCBC-54A0BBBCFA3A}.Debug|Any CPU.ActiveCfg = Debug|Any CPU
		{3D14892D-57C6-49F3-BCBC-54A0BBBCFA3A}.Debug|Any CPU.Build.0 = Debug|Any CPU
		{3D14892D-57C6-49F3-BCBC-54A0BBBCFA3A}.Release|Any CPU.ActiveCfg = Release|Any CPU
		{3D14892D-57C6-49F3-BCBC-54A0BBBCFA3A}.Release|Any CPU.Build.0 = Release|Any CPU
		{026430E9-1422-4CE5-B5E9-CD7771D34D67}.Debug|Any CPU.ActiveCfg = Debug|Any CPU
		{026430E9-1422-4CE5-B5E9-CD7771D34D67}.Debug|Any CPU.Build.0 = Debug|Any CPU
		{026430E9-1422-4CE5-B5E9-CD7771D34D67}.Release|Any CPU.ActiveCfg = Release|Any CPU
		{026430E9-1422-4CE5-B5E9-CD7771D34D67}.Release|Any CPU.Build.0 = Release|Any CPU
		{D945B07F-586A-42FF-9328-4068F8F9D28C}.Debug|Any CPU.ActiveCfg = Debug|Any CPU
		{D945B07F-586A-42FF-9328-4068F8F9D28C}.Debug|Any CPU.Build.0 = Debug|Any CPU
		{D945B07F-586A-42FF-9328-4068F8F9D28C}.Release|Any CPU.ActiveCfg = Release|Any CPU
		{D945B07F-586A-42FF-9328-4068F8F9D28C}.Release|Any CPU.Build.0 = Release|Any CPU
		{9853B3D1-DF34-49A8-8E70-EF8B187021D0}.Debug|Any CPU.ActiveCfg = Debug|Any CPU
		{9853B3D1-DF34-49A8-8E70-EF8B187021D0}.Debug|Any CPU.Build.0 = Debug|Any CPU
		{9853B3D1-DF34-49A8-8E70-EF8B187021D0}.Release|Any CPU.ActiveCfg = Release|Any CPU
		{9853B3D1-DF34-49A8-8E70-EF8B187021D0}.Release|Any CPU.Build.0 = Release|Any CPU
		{7D33ED4D-DAC7-43CC-8046-D2DD06D672FB}.Debug|Any CPU.ActiveCfg = Debug|Any CPU
		{7D33ED4D-DAC7-43CC-8046-D2DD06D672FB}.Debug|Any CPU.Build.0 = Debug|Any CPU
		{7D33ED4D-DAC7-43CC-8046-D2DD06D672FB}.Release|Any CPU.ActiveCfg = Release|Any CPU
		{7D33ED4D-DAC7-43CC-8046-D2DD06D672FB}.Release|Any CPU.Build.0 = Release|Any CPU
		{0CD4E46F-EB80-48A1-9C11-345ABC4F3D4A}.Debug|Any CPU.ActiveCfg = Debug|Any CPU
		{0CD4E46F-EB80-48A1-9C11-345ABC4F3D4A}.Debug|Any CPU.Build.0 = Debug|Any CPU
		{0CD4E46F-EB80-48A1-9C11-345ABC4F3D4A}.Release|Any CPU.ActiveCfg = Release|Any CPU
		{0CD4E46F-EB80-48A1-9C11-345ABC4F3D4A}.Release|Any CPU.Build.0 = Release|Any CPU
		{50DB92EB-F23E-4790-8189-3F2832583FD1}.Debug|Any CPU.ActiveCfg = Debug|Any CPU
		{50DB92EB-F23E-4790-8189-3F2832583FD1}.Debug|Any CPU.Build.0 = Debug|Any CPU
		{50DB92EB-F23E-4790-8189-3F2832583FD1}.Release|Any CPU.ActiveCfg = Release|Any CPU
		{50DB92EB-F23E-4790-8189-3F2832583FD1}.Release|Any CPU.Build.0 = Release|Any CPU
		{58A4F386-EEE9-4432-BAE0-91C5348DD18C}.Debug|Any CPU.ActiveCfg = Debug|Any CPU
		{58A4F386-EEE9-4432-BAE0-91C5348DD18C}.Debug|Any CPU.Build.0 = Debug|Any CPU
		{58A4F386-EEE9-4432-BAE0-91C5348DD18C}.Release|Any CPU.ActiveCfg = Release|Any CPU
		{58A4F386-EEE9-4432-BAE0-91C5348DD18C}.Release|Any CPU.Build.0 = Release|Any CPU
		{FD7EC8EF-ECAD-4DFB-B070-893889DC8F02}.Debug|Any CPU.ActiveCfg = Debug|Any CPU
		{FD7EC8EF-ECAD-4DFB-B070-893889DC8F02}.Debug|Any CPU.Build.0 = Debug|Any CPU
		{FD7EC8EF-ECAD-4DFB-B070-893889DC8F02}.Release|Any CPU.ActiveCfg = Release|Any CPU
		{FD7EC8EF-ECAD-4DFB-B070-893889DC8F02}.Release|Any CPU.Build.0 = Release|Any CPU
		{DE818C53-F3A0-45EE-89E4-AD6547B99711}.Debug|Any CPU.ActiveCfg = Debug|Any CPU
		{DE818C53-F3A0-45EE-89E4-AD6547B99711}.Debug|Any CPU.Build.0 = Debug|Any CPU
		{DE818C53-F3A0-45EE-89E4-AD6547B99711}.Release|Any CPU.ActiveCfg = Release|Any CPU
		{DE818C53-F3A0-45EE-89E4-AD6547B99711}.Release|Any CPU.Build.0 = Release|Any CPU
		{5E448E79-63DD-49D3-8617-A77EFDCAD46F}.Debug|Any CPU.ActiveCfg = Debug|Any CPU
		{5E448E79-63DD-49D3-8617-A77EFDCAD46F}.Debug|Any CPU.Build.0 = Debug|Any CPU
		{5E448E79-63DD-49D3-8617-A77EFDCAD46F}.Release|Any CPU.ActiveCfg = Release|Any CPU
		{5E448E79-63DD-49D3-8617-A77EFDCAD46F}.Release|Any CPU.Build.0 = Release|Any CPU
		{3DB5F2FB-FCD6-4C30-8091-4F1D3BB43081}.Debug|Any CPU.ActiveCfg = Debug|Any CPU
		{3DB5F2FB-FCD6-4C30-8091-4F1D3BB43081}.Debug|Any CPU.Build.0 = Debug|Any CPU
		{3DB5F2FB-FCD6-4C30-8091-4F1D3BB43081}.Release|Any CPU.ActiveCfg = Release|Any CPU
		{3DB5F2FB-FCD6-4C30-8091-4F1D3BB43081}.Release|Any CPU.Build.0 = Release|Any CPU
		{7F765925-542A-4AD8-A09B-80EABBF46D5E}.Debug|Any CPU.ActiveCfg = Debug|Any CPU
		{7F765925-542A-4AD8-A09B-80EABBF46D5E}.Debug|Any CPU.Build.0 = Debug|Any CPU
		{7F765925-542A-4AD8-A09B-80EABBF46D5E}.Release|Any CPU.ActiveCfg = Release|Any CPU
		{7F765925-542A-4AD8-A09B-80EABBF46D5E}.Release|Any CPU.Build.0 = Release|Any CPU
		{DCF48B55-DA47-4ED9-A982-F28BF099D8C2}.Debug|Any CPU.ActiveCfg = Debug|Any CPU
		{DCF48B55-DA47-4ED9-A982-F28BF099D8C2}.Debug|Any CPU.Build.0 = Debug|Any CPU
		{DCF48B55-DA47-4ED9-A982-F28BF099D8C2}.Release|Any CPU.ActiveCfg = Release|Any CPU
		{DCF48B55-DA47-4ED9-A982-F28BF099D8C2}.Release|Any CPU.Build.0 = Release|Any CPU
		{973E8C67-C6D7-4B5A-AEE4-FDA5EA05F196}.Debug|Any CPU.ActiveCfg = Debug|Any CPU
		{973E8C67-C6D7-4B5A-AEE4-FDA5EA05F196}.Debug|Any CPU.Build.0 = Debug|Any CPU
		{973E8C67-C6D7-4B5A-AEE4-FDA5EA05F196}.Release|Any CPU.ActiveCfg = Release|Any CPU
		{973E8C67-C6D7-4B5A-AEE4-FDA5EA05F196}.Release|Any CPU.Build.0 = Release|Any CPU
		{E4A0001C-82E1-4F54-A5A1-9812D879F541}.Debug|Any CPU.ActiveCfg = Debug|Any CPU
		{E4A0001C-82E1-4F54-A5A1-9812D879F541}.Debug|Any CPU.Build.0 = Debug|Any CPU
		{E4A0001C-82E1-4F54-A5A1-9812D879F541}.Release|Any CPU.ActiveCfg = Release|Any CPU
		{E4A0001C-82E1-4F54-A5A1-9812D879F541}.Release|Any CPU.Build.0 = Release|Any CPU
		{0F7734AE-1D3E-4C96-A7A1-2F5FB24C815C}.Debug|Any CPU.ActiveCfg = Debug|Any CPU
		{0F7734AE-1D3E-4C96-A7A1-2F5FB24C815C}.Debug|Any CPU.Build.0 = Debug|Any CPU
		{0F7734AE-1D3E-4C96-A7A1-2F5FB24C815C}.Release|Any CPU.ActiveCfg = Release|Any CPU
		{0F7734AE-1D3E-4C96-A7A1-2F5FB24C815C}.Release|Any CPU.Build.0 = Release|Any CPU
		{6E1068AE-9941-4954-9E7D-768F79045068}.Debug|Any CPU.ActiveCfg = Debug|Any CPU
		{6E1068AE-9941-4954-9E7D-768F79045068}.Debug|Any CPU.Build.0 = Debug|Any CPU
		{6E1068AE-9941-4954-9E7D-768F79045068}.Release|Any CPU.ActiveCfg = Release|Any CPU
		{6E1068AE-9941-4954-9E7D-768F79045068}.Release|Any CPU.Build.0 = Release|Any CPU
		{1124FB10-9EF1-427D-8947-75FA8D45B9F5}.Debug|Any CPU.ActiveCfg = Debug|Any CPU
		{1124FB10-9EF1-427D-8947-75FA8D45B9F5}.Debug|Any CPU.Build.0 = Debug|Any CPU
		{1124FB10-9EF1-427D-8947-75FA8D45B9F5}.Release|Any CPU.ActiveCfg = Release|Any CPU
		{1124FB10-9EF1-427D-8947-75FA8D45B9F5}.Release|Any CPU.Build.0 = Release|Any CPU
		{0FFC8AA4-9FB1-4291-8417-1EE40441287C}.Debug|Any CPU.ActiveCfg = Debug|Any CPU
		{0FFC8AA4-9FB1-4291-8417-1EE40441287C}.Debug|Any CPU.Build.0 = Debug|Any CPU
		{0FFC8AA4-9FB1-4291-8417-1EE40441287C}.Release|Any CPU.ActiveCfg = Release|Any CPU
		{0FFC8AA4-9FB1-4291-8417-1EE40441287C}.Release|Any CPU.Build.0 = Release|Any CPU
		{040827F6-4947-4633-BCDC-5BE770DE6758}.Debug|Any CPU.ActiveCfg = Debug|Any CPU
		{040827F6-4947-4633-BCDC-5BE770DE6758}.Debug|Any CPU.Build.0 = Debug|Any CPU
		{040827F6-4947-4633-BCDC-5BE770DE6758}.Release|Any CPU.ActiveCfg = Release|Any CPU
		{040827F6-4947-4633-BCDC-5BE770DE6758}.Release|Any CPU.Build.0 = Release|Any CPU
		{8D997089-DE4E-4C3E-87D7-F0DE1230B141}.Debug|Any CPU.ActiveCfg = Debug|Any CPU
		{8D997089-DE4E-4C3E-87D7-F0DE1230B141}.Debug|Any CPU.Build.0 = Debug|Any CPU
		{8D997089-DE4E-4C3E-87D7-F0DE1230B141}.Release|Any CPU.ActiveCfg = Release|Any CPU
		{8D997089-DE4E-4C3E-87D7-F0DE1230B141}.Release|Any CPU.Build.0 = Release|Any CPU
		{A3F8A844-79E6-4172-B52C-EDE222B58274}.Debug|Any CPU.ActiveCfg = Debug|Any CPU
		{A3F8A844-79E6-4172-B52C-EDE222B58274}.Debug|Any CPU.Build.0 = Debug|Any CPU
		{A3F8A844-79E6-4172-B52C-EDE222B58274}.Release|Any CPU.ActiveCfg = Release|Any CPU
		{A3F8A844-79E6-4172-B52C-EDE222B58274}.Release|Any CPU.Build.0 = Release|Any CPU
		{0F4CD742-8131-40D5-ADCA-583392D13F9D}.Debug|Any CPU.ActiveCfg = Debug|Any CPU
		{0F4CD742-8131-40D5-ADCA-583392D13F9D}.Debug|Any CPU.Build.0 = Debug|Any CPU
		{0F4CD742-8131-40D5-ADCA-583392D13F9D}.Release|Any CPU.ActiveCfg = Release|Any CPU
		{0F4CD742-8131-40D5-ADCA-583392D13F9D}.Release|Any CPU.Build.0 = Release|Any CPU
		{7A484DD8-43F9-4057-8CFE-46EE091E7A1C}.Debug|Any CPU.ActiveCfg = Debug|Any CPU
		{7A484DD8-43F9-4057-8CFE-46EE091E7A1C}.Debug|Any CPU.Build.0 = Debug|Any CPU
		{7A484DD8-43F9-4057-8CFE-46EE091E7A1C}.Release|Any CPU.ActiveCfg = Release|Any CPU
		{7A484DD8-43F9-4057-8CFE-46EE091E7A1C}.Release|Any CPU.Build.0 = Release|Any CPU
		{76015B46-26E0-4344-874A-539D003974AB}.Debug|Any CPU.ActiveCfg = Debug|Any CPU
		{76015B46-26E0-4344-874A-539D003974AB}.Debug|Any CPU.Build.0 = Debug|Any CPU
		{76015B46-26E0-4344-874A-539D003974AB}.Release|Any CPU.ActiveCfg = Release|Any CPU
		{76015B46-26E0-4344-874A-539D003974AB}.Release|Any CPU.Build.0 = Release|Any CPU
		{21F807A8-7702-4398-B636-0907376EC854}.Debug|Any CPU.ActiveCfg = Debug|Any CPU
		{21F807A8-7702-4398-B636-0907376EC854}.Debug|Any CPU.Build.0 = Debug|Any CPU
		{21F807A8-7702-4398-B636-0907376EC854}.Release|Any CPU.ActiveCfg = Release|Any CPU
		{21F807A8-7702-4398-B636-0907376EC854}.Release|Any CPU.Build.0 = Release|Any CPU
		{787B4145-961E-4D8F-8631-70B8B6102C86}.Debug|Any CPU.ActiveCfg = Debug|Any CPU
		{787B4145-961E-4D8F-8631-70B8B6102C86}.Debug|Any CPU.Build.0 = Debug|Any CPU
		{787B4145-961E-4D8F-8631-70B8B6102C86}.Release|Any CPU.ActiveCfg = Release|Any CPU
		{787B4145-961E-4D8F-8631-70B8B6102C86}.Release|Any CPU.Build.0 = Release|Any CPU
		{ECA2A283-0C60-4EE9-92F2-852DB342C4F7}.Debug|Any CPU.ActiveCfg = Debug|Any CPU
		{ECA2A283-0C60-4EE9-92F2-852DB342C4F7}.Debug|Any CPU.Build.0 = Debug|Any CPU
		{ECA2A283-0C60-4EE9-92F2-852DB342C4F7}.Release|Any CPU.ActiveCfg = Release|Any CPU
		{ECA2A283-0C60-4EE9-92F2-852DB342C4F7}.Release|Any CPU.Build.0 = Release|Any CPU
	EndGlobalSection
	GlobalSection(SolutionProperties) = preSolution
		HideSolutionNode = FALSE
	EndGlobalSection
	GlobalSection(NestedProjects) = preSolution
		{01BD8143-6C3A-4CF3-883D-3D48CAA46FB1} = {EB09905C-133B-49BD-AE02-D4E38AEEBA5E}
		{3D14892D-57C6-49F3-BCBC-54A0BBBCFA3A} = {EB09905C-133B-49BD-AE02-D4E38AEEBA5E}
		{026430E9-1422-4CE5-B5E9-CD7771D34D67} = {EB09905C-133B-49BD-AE02-D4E38AEEBA5E}
		{D945B07F-586A-42FF-9328-4068F8F9D28C} = {EB09905C-133B-49BD-AE02-D4E38AEEBA5E}
		{9853B3D1-DF34-49A8-8E70-EF8B187021D0} = {EB09905C-133B-49BD-AE02-D4E38AEEBA5E}
		{7D33ED4D-DAC7-43CC-8046-D2DD06D672FB} = {EB09905C-133B-49BD-AE02-D4E38AEEBA5E}
		{0CD4E46F-EB80-48A1-9C11-345ABC4F3D4A} = {EB09905C-133B-49BD-AE02-D4E38AEEBA5E}
		{50DB92EB-F23E-4790-8189-3F2832583FD1} = {EB09905C-133B-49BD-AE02-D4E38AEEBA5E}
		{58A4F386-EEE9-4432-BAE0-91C5348DD18C} = {EB09905C-133B-49BD-AE02-D4E38AEEBA5E}
		{FD7EC8EF-ECAD-4DFB-B070-893889DC8F02} = {EB09905C-133B-49BD-AE02-D4E38AEEBA5E}
		{DE818C53-F3A0-45EE-89E4-AD6547B99711} = {EB09905C-133B-49BD-AE02-D4E38AEEBA5E}
		{5E448E79-63DD-49D3-8617-A77EFDCAD46F} = {EB09905C-133B-49BD-AE02-D4E38AEEBA5E}
		{3DB5F2FB-FCD6-4C30-8091-4F1D3BB43081} = {EB09905C-133B-49BD-AE02-D4E38AEEBA5E}
		{7F765925-542A-4AD8-A09B-80EABBF46D5E} = {EB09905C-133B-49BD-AE02-D4E38AEEBA5E}
		{DCF48B55-DA47-4ED9-A982-F28BF099D8C2} = {EB09905C-133B-49BD-AE02-D4E38AEEBA5E}
		{973E8C67-C6D7-4B5A-AEE4-FDA5EA05F196} = {EB09905C-133B-49BD-AE02-D4E38AEEBA5E}
		{E4A0001C-82E1-4F54-A5A1-9812D879F541} = {EB09905C-133B-49BD-AE02-D4E38AEEBA5E}
		{0F7734AE-1D3E-4C96-A7A1-2F5FB24C815C} = {EB09905C-133B-49BD-AE02-D4E38AEEBA5E}
		{6E1068AE-9941-4954-9E7D-768F79045068} = {EB09905C-133B-49BD-AE02-D4E38AEEBA5E}
		{1124FB10-9EF1-427D-8947-75FA8D45B9F5} = {EB09905C-133B-49BD-AE02-D4E38AEEBA5E}
		{0FFC8AA4-9FB1-4291-8417-1EE40441287C} = {EB09905C-133B-49BD-AE02-D4E38AEEBA5E}
		{040827F6-4947-4633-BCDC-5BE770DE6758} = {EB09905C-133B-49BD-AE02-D4E38AEEBA5E}
		{8D997089-DE4E-4C3E-87D7-F0DE1230B141} = {EB09905C-133B-49BD-AE02-D4E38AEEBA5E}
		{A3F8A844-79E6-4172-B52C-EDE222B58274} = {EB09905C-133B-49BD-AE02-D4E38AEEBA5E}
		{0F4CD742-8131-40D5-ADCA-583392D13F9D} = {EB09905C-133B-49BD-AE02-D4E38AEEBA5E}
		{7A484DD8-43F9-4057-8CFE-46EE091E7A1C} = {EB09905C-133B-49BD-AE02-D4E38AEEBA5E}
		{76015B46-26E0-4344-874A-539D003974AB} = {EB09905C-133B-49BD-AE02-D4E38AEEBA5E}
		{21F807A8-7702-4398-B636-0907376EC854} = {EB09905C-133B-49BD-AE02-D4E38AEEBA5E}
		{787B4145-961E-4D8F-8631-70B8B6102C86} = {EB09905C-133B-49BD-AE02-D4E38AEEBA5E}
		{ECA2A283-0C60-4EE9-92F2-852DB342C4F7} = {EB09905C-133B-49BD-AE02-D4E38AEEBA5E}
	EndGlobalSection
	GlobalSection(ExtensibilityGlobals) = postSolution
		SolutionGuid = {C3EA9C5E-76BF-4EE1-A063-A319154168A7}
	EndGlobalSection
EndGlobal
